// !$*UTF8*$!
{
	archiveVersion = 1;
	classes = {
	};
	objectVersion = 50;
	objects = {

/* Begin PBXBuildFile section */
		51BFB630249F5786009CFBC8 /* AppDelegate.swift in Sources */ = {isa = PBXBuildFile; fileRef = 51BFB62F249F5786009CFBC8 /* AppDelegate.swift */; };
		51BFB632249F5786009CFBC8 /* SceneDelegate.swift in Sources */ = {isa = PBXBuildFile; fileRef = 51BFB631249F5786009CFBC8 /* SceneDelegate.swift */; };
		51BFB634249F5786009CFBC8 /* ViewController.swift in Sources */ = {isa = PBXBuildFile; fileRef = 51BFB633249F5786009CFBC8 /* ViewController.swift */; };
		51BFB637249F5786009CFBC8 /* Main.storyboard in Resources */ = {isa = PBXBuildFile; fileRef = 51BFB635249F5786009CFBC8 /* Main.storyboard */; };
		51BFB639249F5789009CFBC8 /* Assets.xcassets in Resources */ = {isa = PBXBuildFile; fileRef = 51BFB638249F5789009CFBC8 /* Assets.xcassets */; };
		51BFB63C249F5789009CFBC8 /* LaunchScreen.storyboard in Resources */ = {isa = PBXBuildFile; fileRef = 51BFB63A249F5789009CFBC8 /* LaunchScreen.storyboard */; };
		51BFB647249F5789009CFBC8 /* CirclesTests.swift in Sources */ = {isa = PBXBuildFile; fileRef = 51BFB646249F5789009CFBC8 /* CirclesTests.swift */; };
/* End PBXBuildFile section */

/* Begin PBXContainerItemProxy section */
		51BFB643249F5789009CFBC8 /* PBXContainerItemProxy */ = {
			isa = PBXContainerItemProxy;
			containerPortal = 51BFB624249F5786009CFBC8 /* Project object */;
			proxyType = 1;
			remoteGlobalIDString = 51BFB62B249F5786009CFBC8;
			remoteInfo = Circles;
		};
/* End PBXContainerItemProxy section */

/* Begin PBXFileReference section */
		51BFB62C249F5786009CFBC8 /* Circles.app */ = {isa = PBXFileReference; explicitFileType = wrapper.application; includeInIndex = 0; path = Circles.app; sourceTree = BUILT_PRODUCTS_DIR; };
		51BFB62F249F5786009CFBC8 /* AppDelegate.swift */ = {isa = PBXFileReference; lastKnownFileType = sourcecode.swift; path = AppDelegate.swift; sourceTree = "<group>"; };
		51BFB631249F5786009CFBC8 /* SceneDelegate.swift */ = {isa = PBXFileReference; lastKnownFileType = sourcecode.swift; path = SceneDelegate.swift; sourceTree = "<group>"; };
		51BFB633249F5786009CFBC8 /* ViewController.swift */ = {isa = PBXFileReference; lastKnownFileType = sourcecode.swift; path = ViewController.swift; sourceTree = "<group>"; };
		51BFB636249F5786009CFBC8 /* Base */ = {isa = PBXFileReference; lastKnownFileType = file.storyboard; name = Base; path = Base.lproj/Main.storyboard; sourceTree = "<group>"; };
		51BFB638249F5789009CFBC8 /* Assets.xcassets */ = {isa = PBXFileReference; lastKnownFileType = folder.assetcatalog; path = Assets.xcassets; sourceTree = "<group>"; };
		51BFB63B249F5789009CFBC8 /* Base */ = {isa = PBXFileReference; lastKnownFileType = file.storyboard; name = Base; path = Base.lproj/LaunchScreen.storyboard; sourceTree = "<group>"; };
		51BFB63D249F5789009CFBC8 /* Info.plist */ = {isa = PBXFileReference; lastKnownFileType = text.plist.xml; path = Info.plist; sourceTree = "<group>"; };
		51BFB642249F5789009CFBC8 /* CirclesTests.xctest */ = {isa = PBXFileReference; explicitFileType = wrapper.cfbundle; includeInIndex = 0; path = CirclesTests.xctest; sourceTree = BUILT_PRODUCTS_DIR; };
		51BFB646249F5789009CFBC8 /* CirclesTests.swift */ = {isa = PBXFileReference; lastKnownFileType = sourcecode.swift; path = CirclesTests.swift; sourceTree = "<group>"; };
		51BFB648249F5789009CFBC8 /* Info.plist */ = {isa = PBXFileReference; lastKnownFileType = text.plist.xml; path = Info.plist; sourceTree = "<group>"; };
/* End PBXFileReference section */

/* Begin PBXFrameworksBuildPhase section */
		51BFB629249F5786009CFBC8 /* Frameworks */ = {
			isa = PBXFrameworksBuildPhase;
			buildActionMask = 2147483647;
			files = (
			);
			runOnlyForDeploymentPostprocessing = 0;
		};
		51BFB63F249F5789009CFBC8 /* Frameworks */ = {
			isa = PBXFrameworksBuildPhase;
			buildActionMask = 2147483647;
			files = (
			);
			runOnlyForDeploymentPostprocessing = 0;
		};
/* End PBXFrameworksBuildPhase section */

/* Begin PBXGroup section */
		51BFB623249F5786009CFBC8 = {
			isa = PBXGroup;
			children = (
				51BFB62E249F5786009CFBC8 /* Circles */,
				51BFB645249F5789009CFBC8 /* CirclesTests */,
				51BFB62D249F5786009CFBC8 /* Products */,
			);
			sourceTree = "<group>";
		};
		51BFB62D249F5786009CFBC8 /* Products */ = {
			isa = PBXGroup;
			children = (
				51BFB62C249F5786009CFBC8 /* Circles.app */,
				51BFB642249F5789009CFBC8 /* CirclesTests.xctest */,
			);
			name = Products;
			sourceTree = "<group>";
		};
		51BFB62E249F5786009CFBC8 /* Circles */ = {
			isa = PBXGroup;
			children = (
				51BFB62F249F5786009CFBC8 /* AppDelegate.swift */,
				51BFB631249F5786009CFBC8 /* SceneDelegate.swift */,
				51BFB633249F5786009CFBC8 /* ViewController.swift */,
				51BFB635249F5786009CFBC8 /* Main.storyboard */,
				51BFB638249F5789009CFBC8 /* Assets.xcassets */,
				51BFB63A249F5789009CFBC8 /* LaunchScreen.storyboard */,
				51BFB63D249F5789009CFBC8 /* Info.plist */,
			);
			path = Circles;
			sourceTree = "<group>";
		};
		51BFB645249F5789009CFBC8 /* CirclesTests */ = {
			isa = PBXGroup;
			children = (
				51BFB646249F5789009CFBC8 /* CirclesTests.swift */,
				51BFB648249F5789009CFBC8 /* Info.plist */,
			);
			path = CirclesTests;
			sourceTree = "<group>";
		};
/* End PBXGroup section */

/* Begin PBXNativeTarget section */
		51BFB62B249F5786009CFBC8 /* Circles */ = {
			isa = PBXNativeTarget;
			buildConfigurationList = 51BFB64B249F5789009CFBC8 /* Build configuration list for PBXNativeTarget "Circles" */;
			buildPhases = (
				51BFB628249F5786009CFBC8 /* Sources */,
				51BFB629249F5786009CFBC8 /* Frameworks */,
				51BFB62A249F5786009CFBC8 /* Resources */,
			);
			buildRules = (
			);
			dependencies = (
			);
			name = Circles;
			productName = Circles;
			productReference = 51BFB62C249F5786009CFBC8 /* Circles.app */;
			productType = "com.apple.product-type.application";
		};
		51BFB641249F5789009CFBC8 /* CirclesTests */ = {
			isa = PBXNativeTarget;
			buildConfigurationList = 51BFB64E249F5789009CFBC8 /* Build configuration list for PBXNativeTarget "CirclesTests" */;
			buildPhases = (
				51BFB63E249F5789009CFBC8 /* Sources */,
				51BFB63F249F5789009CFBC8 /* Frameworks */,
				51BFB640249F5789009CFBC8 /* Resources */,
			);
			buildRules = (
			);
			dependencies = (
				51BFB644249F5789009CFBC8 /* PBXTargetDependency */,
			);
			name = CirclesTests;
			productName = CirclesTests;
			productReference = 51BFB642249F5789009CFBC8 /* CirclesTests.xctest */;
			productType = "com.apple.product-type.bundle.unit-test";
		};
/* End PBXNativeTarget section */

/* Begin PBXProject section */
		51BFB624249F5786009CFBC8 /* Project object */ = {
			isa = PBXProject;
			attributes = {
				LastSwiftUpdateCheck = 1150;
				LastUpgradeCheck = 1150;
				ORGANIZATIONNAME = "Shubham Bhokare";
				TargetAttributes = {
					51BFB62B249F5786009CFBC8 = {
						CreatedOnToolsVersion = 11.5;
					};
					51BFB641249F5789009CFBC8 = {
						CreatedOnToolsVersion = 11.5;
						TestTargetID = 51BFB62B249F5786009CFBC8;
					};
				};
			};
			buildConfigurationList = 51BFB627249F5786009CFBC8 /* Build configuration list for PBXProject "Circles" */;
			compatibilityVersion = "Xcode 9.3";
			developmentRegion = en;
			hasScannedForEncodings = 0;
			knownRegions = (
				en,
				Base,
			);
			mainGroup = 51BFB623249F5786009CFBC8;
			productRefGroup = 51BFB62D249F5786009CFBC8 /* Products */;
			projectDirPath = "";
			projectRoot = "";
			targets = (
				51BFB62B249F5786009CFBC8 /* Circles */,
				51BFB641249F5789009CFBC8 /* CirclesTests */,
			);
		};
/* End PBXProject section */

/* Begin PBXResourcesBuildPhase section */
		51BFB62A249F5786009CFBC8 /* Resources */ = {
			isa = PBXResourcesBuildPhase;
			buildActionMask = 2147483647;
			files = (
				51BFB63C249F5789009CFBC8 /* LaunchScreen.storyboard in Resources */,
				51BFB639249F5789009CFBC8 /* Assets.xcassets in Resources */,
				51BFB637249F5786009CFBC8 /* Main.storyboard in Resources */,
			);
			runOnlyForDeploymentPostprocessing = 0;
		};
		51BFB640249F5789009CFBC8 /* Resources */ = {
			isa = PBXResourcesBuildPhase;
			buildActionMask = 2147483647;
			files = (
			);
			runOnlyForDeploymentPostprocessing = 0;
		};
/* End PBXResourcesBuildPhase section */

/* Begin PBXSourcesBuildPhase section */
		51BFB628249F5786009CFBC8 /* Sources */ = {
			isa = PBXSourcesBuildPhase;
			buildActionMask = 2147483647;
			files = (
				51BFB634249F5786009CFBC8 /* ViewController.swift in Sources */,
				51BFB630249F5786009CFBC8 /* AppDelegate.swift in Sources */,
				51BFB632249F5786009CFBC8 /* SceneDelegate.swift in Sources */,
			);
			runOnlyForDeploymentPostprocessing = 0;
		};
		51BFB63E249F5789009CFBC8 /* Sources */ = {
			isa = PBXSourcesBuildPhase;
			buildActionMask = 2147483647;
			files = (
				51BFB647249F5789009CFBC8 /* CirclesTests.swift in Sources */,
			);
			runOnlyForDeploymentPostprocessing = 0;
		};
/* End PBXSourcesBuildPhase section */

/* Begin PBXTargetDependency section */
		51BFB644249F5789009CFBC8 /* PBXTargetDependency */ = {
			isa = PBXTargetDependency;
			target = 51BFB62B249F5786009CFBC8 /* Circles */;
			targetProxy = 51BFB643249F5789009CFBC8 /* PBXContainerItemProxy */;
		};
/* End PBXTargetDependency section */

/* Begin PBXVariantGroup section */
		51BFB635249F5786009CFBC8 /* Main.storyboard */ = {
			isa = PBXVariantGroup;
			children = (
				51BFB636249F5786009CFBC8 /* Base */,
			);
			name = Main.storyboard;
			sourceTree = "<group>";
		};
		51BFB63A249F5789009CFBC8 /* LaunchScreen.storyboard */ = {
			isa = PBXVariantGroup;
			children = (
				51BFB63B249F5789009CFBC8 /* Base */,
			);
			name = LaunchScreen.storyboard;
			sourceTree = "<group>";
		};
/* End PBXVariantGroup section */

/* Begin XCBuildConfiguration section */
		51BFB649249F5789009CFBC8 /* Debug */ = {
			isa = XCBuildConfiguration;
			buildSettings = {
				ALWAYS_SEARCH_USER_PATHS = NO;
				CLANG_ANALYZER_NONNULL = YES;
				CLANG_ANALYZER_NUMBER_OBJECT_CONVERSION = YES_AGGRESSIVE;
				CLANG_CXX_LANGUAGE_STANDARD = "gnu++14";
				CLANG_CXX_LIBRARY = "libc++";
				CLANG_ENABLE_MODULES = YES;
				CLANG_ENABLE_OBJC_ARC = YES;
				CLANG_ENABLE_OBJC_WEAK = YES;
				CLANG_WARN_BLOCK_CAPTURE_AUTORELEASING = YES;
				CLANG_WARN_BOOL_CONVERSION = YES;
				CLANG_WARN_COMMA = YES;
				CLANG_WARN_CONSTANT_CONVERSION = YES;
				CLANG_WARN_DEPRECATED_OBJC_IMPLEMENTATIONS = YES;
				CLANG_WARN_DIRECT_OBJC_ISA_USAGE = YES_ERROR;
				CLANG_WARN_DOCUMENTATION_COMMENTS = YES;
				CLANG_WARN_EMPTY_BODY = YES;
				CLANG_WARN_ENUM_CONVERSION = YES;
				CLANG_WARN_INFINITE_RECURSION = YES;
				CLANG_WARN_INT_CONVERSION = YES;
				CLANG_WARN_NON_LITERAL_NULL_CONVERSION = YES;
				CLANG_WARN_OBJC_IMPLICIT_RETAIN_SELF = YES;
				CLANG_WARN_OBJC_LITERAL_CONVERSION = YES;
				CLANG_WARN_OBJC_ROOT_CLASS = YES_ERROR;
				CLANG_WARN_RANGE_LOOP_ANALYSIS = YES;
				CLANG_WARN_STRICT_PROTOTYPES = YES;
				CLANG_WARN_SUSPICIOUS_MOVE = YES;
				CLANG_WARN_UNGUARDED_AVAILABILITY = YES_AGGRESSIVE;
				CLANG_WARN_UNREACHABLE_CODE = YES;
				CLANG_WARN__DUPLICATE_METHOD_MATCH = YES;
				COPY_PHASE_STRIP = NO;
				DEBUG_INFORMATION_FORMAT = dwarf;
				ENABLE_STRICT_OBJC_MSGSEND = YES;
				ENABLE_TESTABILITY = YES;
				GCC_C_LANGUAGE_STANDARD = gnu11;
				GCC_DYNAMIC_NO_PIC = NO;
				GCC_NO_COMMON_BLOCKS = YES;
				GCC_OPTIMIZATION_LEVEL = 0;
				GCC_PREPROCESSOR_DEFINITIONS = (
					"DEBUG=1",
					"$(inherited)",
				);
				GCC_WARN_64_TO_32_BIT_CONVERSION = YES;
				GCC_WARN_ABOUT_RETURN_TYPE = YES_ERROR;
				GCC_WARN_UNDECLARED_SELECTOR = YES;
				GCC_WARN_UNINITIALIZED_AUTOS = YES_AGGRESSIVE;
				GCC_WARN_UNUSED_FUNCTION = YES;
				GCC_WARN_UNUSED_VARIABLE = YES;
				IPHONEOS_DEPLOYMENT_TARGET = 13.5;
				MTL_ENABLE_DEBUG_INFO = INCLUDE_SOURCE;
				MTL_FAST_MATH = YES;
				ONLY_ACTIVE_ARCH = YES;
				SDKROOT = iphoneos;
				SWIFT_ACTIVE_COMPILATION_CONDITIONS = DEBUG;
				SWIFT_OPTIMIZATION_LEVEL = "-Onone";
			};
			name = Debug;
		};
		51BFB64A249F5789009CFBC8 /* Release */ = {
			isa = XCBuildConfiguration;
			buildSettings = {
				ALWAYS_SEARCH_USER_PATHS = NO;
				CLANG_ANALYZER_NONNULL = YES;
				CLANG_ANALYZER_NUMBER_OBJECT_CONVERSION = YES_AGGRESSIVE;
				CLANG_CXX_LANGUAGE_STANDARD = "gnu++14";
				CLANG_CXX_LIBRARY = "libc++";
				CLANG_ENABLE_MODULES = YES;
				CLANG_ENABLE_OBJC_ARC = YES;
				CLANG_ENABLE_OBJC_WEAK = YES;
				CLANG_WARN_BLOCK_CAPTURE_AUTORELEASING = YES;
				CLANG_WARN_BOOL_CONVERSION = YES;
				CLANG_WARN_COMMA = YES;
				CLANG_WARN_CONSTANT_CONVERSION = YES;
				CLANG_WARN_DEPRECATED_OBJC_IMPLEMENTATIONS = YES;
				CLANG_WARN_DIRECT_OBJC_ISA_USAGE = YES_ERROR;
				CLANG_WARN_DOCUMENTATION_COMMENTS = YES;
				CLANG_WARN_EMPTY_BODY = YES;
				CLANG_WARN_ENUM_CONVERSION = YES;
				CLANG_WARN_INFINITE_RECURSION = YES;
				CLANG_WARN_INT_CONVERSION = YES;
				CLANG_WARN_NON_LITERAL_NULL_CONVERSION = YES;
				CLANG_WARN_OBJC_IMPLICIT_RETAIN_SELF = YES;
				CLANG_WARN_OBJC_LITERAL_CONVERSION = YES;
				CLANG_WARN_OBJC_ROOT_CLASS = YES_ERROR;
				CLANG_WARN_RANGE_LOOP_ANALYSIS = YES;
				CLANG_WARN_STRICT_PROTOTYPES = YES;
				CLANG_WARN_SUSPICIOUS_MOVE = YES;
				CLANG_WARN_UNGUARDED_AVAILABILITY = YES_AGGRESSIVE;
				CLANG_WARN_UNREACHABLE_CODE = YES;
				CLANG_WARN__DUPLICATE_METHOD_MATCH = YES;
				COPY_PHASE_STRIP = NO;
				DEBUG_INFORMATION_FORMAT = "dwarf-with-dsym";
				ENABLE_NS_ASSERTIONS = NO;
				ENABLE_STRICT_OBJC_MSGSEND = YES;
				GCC_C_LANGUAGE_STANDARD = gnu11;
				GCC_NO_COMMON_BLOCKS = YES;
				GCC_WARN_64_TO_32_BIT_CONVERSION = YES;
				GCC_WARN_ABOUT_RETURN_TYPE = YES_ERROR;
				GCC_WARN_UNDECLARED_SELECTOR = YES;
				GCC_WARN_UNINITIALIZED_AUTOS = YES_AGGRESSIVE;
				GCC_WARN_UNUSED_FUNCTION = YES;
				GCC_WARN_UNUSED_VARIABLE = YES;
				IPHONEOS_DEPLOYMENT_TARGET = 13.5;
				MTL_ENABLE_DEBUG_INFO = NO;
				MTL_FAST_MATH = YES;
				SDKROOT = iphoneos;
				SWIFT_COMPILATION_MODE = wholemodule;
				SWIFT_OPTIMIZATION_LEVEL = "-O";
				VALIDATE_PRODUCT = YES;
			};
			name = Release;
		};
		51BFB64C249F5789009CFBC8 /* Debug */ = {
			isa = XCBuildConfiguration;
			buildSettings = {
				ASSETCATALOG_COMPILER_APPICON_NAME = AppIcon;
				CODE_SIGN_STYLE = Automatic;
				INFOPLIST_FILE = Circles/Info.plist;
				LD_RUNPATH_SEARCH_PATHS = (
					"$(inherited)",
					"@executable_path/Frameworks",
				);
				PRODUCT_BUNDLE_IDENTIFIER = sb.Circles;
				PRODUCT_NAME = "$(TARGET_NAME)";
				SWIFT_VERSION = 5.0;
				TARGETED_DEVICE_FAMILY = "1,2";
			};
			name = Debug;
		};
		51BFB64D249F5789009CFBC8 /* Release */ = {
			isa = XCBuildConfiguration;
			buildSettings = {
				ASSETCATALOG_COMPILER_APPICON_NAME = AppIcon;
				CODE_SIGN_STYLE = Automatic;
				INFOPLIST_FILE = Circles/Info.plist;
				LD_RUNPATH_SEARCH_PATHS = (
					"$(inherited)",
					"@executable_path/Frameworks",
				);
				PRODUCT_BUNDLE_IDENTIFIER = sb.Circles;
				PRODUCT_NAME = "$(TARGET_NAME)";
				SWIFT_VERSION = 5.0;
				TARGETED_DEVICE_FAMILY = "1,2";
			};
			name = Release;
		};
		51BFB64F249F5789009CFBC8 /* Debug */ = {
			isa = XCBuildConfiguration;
			buildSettings = {
				ALWAYS_EMBED_SWIFT_STANDARD_LIBRARIES = YES;
				BUNDLE_LOADER = "$(TEST_HOST)";
				CODE_SIGN_STYLE = Automatic;
				INFOPLIST_FILE = CirclesTests/Info.plist;
				IPHONEOS_DEPLOYMENT_TARGET = 13.5;
				LD_RUNPATH_SEARCH_PATHS = (
					"$(inherited)",
					"@executable_path/Frameworks",
					"@loader_path/Frameworks",
				);
				PRODUCT_BUNDLE_IDENTIFIER = sb.CirclesTests;
				PRODUCT_NAME = "$(TARGET_NAME)";
				SWIFT_VERSION = 5.0;
				TARGETED_DEVICE_FAMILY = "1,2";
				TEST_HOST = "$(BUILT_PRODUCTS_DIR)/Circles.app/Circles";
			};
			name = Debug;
		};
		51BFB650249F5789009CFBC8 /* Release */ = {
			isa = XCBuildConfiguration;
			buildSettings = {
				ALWAYS_EMBED_SWIFT_STANDARD_LIBRARIES = YES;
				BUNDLE_LOADER = "$(TEST_HOST)";
				CODE_SIGN_STYLE = Automatic;
				INFOPLIST_FILE = CirclesTests/Info.plist;
				IPHONEOS_DEPLOYMENT_TARGET = 13.5;
				LD_RUNPATH_SEARCH_PATHS = (
					"$(inherited)",
					"@executable_path/Frameworks",
					"@loader_path/Frameworks",
				);
				PRODUCT_BUNDLE_IDENTIFIER = sb.CirclesTests;
				PRODUCT_NAME = "$(TARGET_NAME)";
				SWIFT_VERSION = 5.0;
				TARGETED_DEVICE_FAMILY = "1,2";
				TEST_HOST = "$(BUILT_PRODUCTS_DIR)/Circles.app/Circles";
			};
			name = Release;
		};
/* End XCBuildConfiguration section */

/* Begin XCConfigurationList section */
		51BFB627249F5786009CFBC8 /* Build configuration list for PBXProject "Circles" */ = {
			isa = XCConfigurationList;
			buildConfigurations = (
				51BFB649249F5789009CFBC8 /* Debug */,
				51BFB64A249F5789009CFBC8 /* Release */,
			);
			defaultConfigurationIsVisible = 0;
			defaultConfigurationName = Release;
		};
		51BFB64B249F5789009CFBC8 /* Build configuration list for PBXNativeTarget "Circles" */ = {
			isa = XCConfigurationList;
			buildConfigurations = (
				51BFB64C249F5789009CFBC8 /* Debug */,
				51BFB64D249F5789009CFBC8 /* Release */,
			);
			defaultConfigurationIsVisible = 0;
			defaultConfigurationName = Release;
		};
		51BFB64E249F5789009CFBC8 /* Build configuration list for PBXNativeTarget "CirclesTests" */ = {
			isa = XCConfigurationList;
			buildConfigurations = (
				51BFB64F249F5789009CFBC8 /* Debug */,
				51BFB650249F5789009CFBC8 /* Release */,
			);
			defaultConfigurationIsVisible = 0;
			defaultConfigurationName = Release;
		};
/* End XCConfigurationList section */
	};
	rootObject = 51BFB624249F5786009CFBC8 /* Project object */;
}
